
Microsoft Visual Studio Solution File, Format Version 12.00
# Visual Studio 2015
Project("{FAE04EC0-301F-11D3-BF4B-00C04F79EFBC}") = "AndriodStarter.CSharp", "AndriodStarter.CSharp.csproj", "{D083AA99-9A86-91A0-7D75-4D24AB8BA572}"
EndProject
Global
	GlobalSection(SolutionConfigurationPlatforms) = preSolution
		Debug|Any CPU = Debug|Any CPU
		Release|Any CPU = Release|Any CPU
	EndGlobalSection
	GlobalSection(ProjectConfigurationPlatforms) = postSolution
		{D083AA99-9A86-91A0-7D75-4D24AB8BA572}.Debug|Any CPU.ActiveCfg = Debug|Any CPU
		{D083AA99-9A86-91A0-7D75-4D24AB8BA572}.Debug|Any CPU.Build.0 = Debug|Any CPU
		{D083AA99-9A86-91A0-7D75-4D24AB8BA572}.Release|Any CPU.ActiveCfg = Release|Any CPU
		{D083AA99-9A86-91A0-7D75-4D24AB8BA572}.Release|Any CPU.Build.0 = Release|Any CPU
	EndGlobalSection
	GlobalSection(SolutionProperties) = preSolution
		HideSolutionNode = FALSE
	EndGlobalSection
EndGlobal
